
Microsoft Visual Studio Solution File, Format Version 12.00
# Visual Studio 2013
VisualStudioVersion = 12.0.21005.1
MinimumVisualStudioVersion = 10.0.40219.1
Project("{8BC9CEB8-8B4A-11D0-8D11-00A0C91BC942}") = "DllInjector", "DllInjector\DllInjector.vcxproj", "{CB96A000-7F68-4486-8AA8-060B8F33010E}"
EndProject
Project("{8BC9CEB8-8B4A-11D0-8D11-00A0C91BC942}") = "multihack", "multihack\multihack.vcxproj", "{71EA199B-5593-45C3-840A-A18624907B89}"
EndProject
Global
	GlobalSection(SolutionConfigurationPlatforms) = preSolution
		Debug|Win32 = Debug|Win32
		Debug|x64 = Debug|x64
		Release|Win32 = Release|Win32
		Release|x64 = Release|x64
	EndGlobalSection
	GlobalSection(ProjectConfigurationPlatforms) = postSolution
		{CB96A000-7F68-4486-8AA8-060B8F33010E}.Debug|Win32.ActiveCfg = Debug|Win32
		{CB96A000-7F68-4486-8AA8-060B8F33010E}.Debug|Win32.Build.0 = Debug|Win32
		{CB96A000-7F68-4486-8AA8-060B8F33010E}.Debug|x64.ActiveCfg = Debug|Win32
		{CB96A000-7F68-4486-8AA8-060B8F33010E}.Debug|x64.Build.0 = Debug|Win32
		{CB96A000-7F68-4486-8AA8-060B8F33010E}.Release|Win32.ActiveCfg = Release|Win32
		{CB96A000-7F68-4486-8AA8-060B8F33010E}.Release|Win32.Build.0 = Release|Win32
		{CB96A000-7F68-4486-8AA8-060B8F33010E}.Release|x64.ActiveCfg = Release|x64
		{CB96A000-7F68-4486-8AA8-060B8F33010E}.Release|x64.Build.0 = Release|x64
		{71EA199B-5593-45C3-840A-A18624907B89}.Debug|Win32.ActiveCfg = Release|Win32
		{71EA199B-5593-45C3-840A-A18624907B89}.Debug|Win32.Build.0 = Release|Win32
		{71EA199B-5593-45C3-840A-A18624907B89}.Debug|x64.ActiveCfg = Release|Win32
		{71EA199B-5593-45C3-840A-A18624907B89}.Debug|x64.Build.0 = Release|Win32
		{71EA199B-5593-45C3-840A-A18624907B89}.Release|Win32.ActiveCfg = Release|Win32
		{71EA199B-5593-45C3-840A-A18624907B89}.Release|Win32.Build.0 = Release|Win32
		{71EA199B-5593-45C3-840A-A18624907B89}.Release|x64.ActiveCfg = Release|x64
		{71EA199B-5593-45C3-840A-A18624907B89}.Release|x64.Build.0 = Release|x64
	EndGlobalSection
	GlobalSection(SolutionProperties) = preSolution
		HideSolutionNode = FALSE
	EndGlobalSection
EndGlobal
